// !$*UTF8*$!
{
	archiveVersion = 1;
	classes = {
	};
	objectVersion = 46;
	objects = {

/* Begin PBXBuildFile section */
		E23FE4CA14ADBE09000B4FE7 /* UIKit.framework in Frameworks */ = {isa = PBXBuildFile; fileRef = E23FE4C914ADBE09000B4FE7 /* UIKit.framework */; };
		E23FE4CC14ADBE09000B4FE7 /* Foundation.framework in Frameworks */ = {isa = PBXBuildFile; fileRef = E23FE4CB14ADBE09000B4FE7 /* Foundation.framework */; };
		E23FE4CE14ADBE09000B4FE7 /* CoreGraphics.framework in Frameworks */ = {isa = PBXBuildFile; fileRef = E23FE4CD14ADBE09000B4FE7 /* CoreGraphics.framework */; };
		E23FE4D414ADBE09000B4FE7 /* InfoPlist.strings in Resources */ = {isa = PBXBuildFile; fileRef = E23FE4D214ADBE09000B4FE7 /* InfoPlist.strings */; };
		E23FE4D614ADBE09000B4FE7 /* main.m in Sources */ = {isa = PBXBuildFile; fileRef = E23FE4D514ADBE09000B4FE7 /* main.m */; };
		E23FE4DA14ADBE09000B4FE7 /* CalculatorAppDelegate.m in Sources */ = {isa = PBXBuildFile; fileRef = E23FE4D914ADBE09000B4FE7 /* CalculatorAppDelegate.m */; };
		E23FE4DD14ADBE09000B4FE7 /* MainStoryboard.storyboard in Resources */ = {isa = PBXBuildFile; fileRef = E23FE4DB14ADBE09000B4FE7 /* MainStoryboard.storyboard */; };
		E23FE4E014ADBE09000B4FE7 /* CalculatorViewController.m in Sources */ = {isa = PBXBuildFile; fileRef = E23FE4DF14ADBE09000B4FE7 /* CalculatorViewController.m */; };
		E23FE4EC14ADD133000B4FE7 /* CalculatorBrain.m in Sources */ = {isa = PBXBuildFile; fileRef = E23FE4EB14ADD133000B4FE7 /* CalculatorBrain.m */; };
		E23FE4F014AE5F77000B4FE7 /* GreenButton.png in Resources */ = {isa = PBXBuildFile; fileRef = E23FE4EE14AE5F77000B4FE7 /* GreenButton.png */; };
		E23FE4F114AE5F77000B4FE7 /* RedButton.png in Resources */ = {isa = PBXBuildFile; fileRef = E23FE4EF14AE5F77000B4FE7 /* RedButton.png */; };
/* End PBXBuildFile section */

/* Begin PBXFileReference section */
		E23FE4C514ADBE09000B4FE7 /* Calculator.app */ = {isa = PBXFileReference; explicitFileType = wrapper.application; includeInIndex = 0; path = Calculator.app; sourceTree = BUILT_PRODUCTS_DIR; };
		E23FE4C914ADBE09000B4FE7 /* UIKit.framework */ = {isa = PBXFileReference; lastKnownFileType = wrapper.framework; name = UIKit.framework; path = System/Library/Frameworks/UIKit.framework; sourceTree = SDKROOT; };
		E23FE4CB14ADBE09000B4FE7 /* Foundation.framework */ = {isa = PBXFileReference; lastKnownFileType = wrapper.framework; name = Foundation.framework; path = System/Library/Frameworks/Foundation.framework; sourceTree = SDKROOT; };
		E23FE4CD14ADBE09000B4FE7 /* CoreGraphics.framework */ = {isa = PBXFileReference; lastKnownFileType = wrapper.framework; name = CoreGraphics.framework; path = System/Library/Frameworks/CoreGraphics.framework; sourceTree = SDKROOT; };
		E23FE4D114ADBE09000B4FE7 /* Calculator-Info.plist */ = {isa = PBXFileReference; lastKnownFileType = text.plist.xml; path = "Calculator-Info.plist"; sourceTree = "<group>"; };
		E23FE4D314ADBE09000B4FE7 /* en */ = {isa = PBXFileReference; lastKnownFileType = text.plist.strings; name = en; path = en.lproj/InfoPlist.strings; sourceTree = "<group>"; };
		E23FE4D514ADBE09000B4FE7 /* main.m */ = {isa = PBXFileReference; lastKnownFileType = sourcecode.c.objc; path = main.m; sourceTree = "<group>"; };
		E23FE4D714ADBE09000B4FE7 /* Calculator-Prefix.pch */ = {isa = PBXFileReference; lastKnownFileType = sourcecode.c.h; path = "Calculator-Prefix.pch"; sourceTree = "<group>"; };
		E23FE4D814ADBE09000B4FE7 /* CalculatorAppDelegate.h */ = {isa = PBXFileReference; lastKnownFileType = sourcecode.c.h; path = CalculatorAppDelegate.h; sourceTree = "<group>"; };
		E23FE4D914ADBE09000B4FE7 /* CalculatorAppDelegate.m */ = {isa = PBXFileReference; lastKnownFileType = sourcecode.c.objc; path = CalculatorAppDelegate.m; sourceTree = "<group>"; };
		E23FE4DC14ADBE09000B4FE7 /* en */ = {isa = PBXFileReference; lastKnownFileType = file.storyboard; name = en; path = en.lproj/MainStoryboard.storyboard; sourceTree = "<group>"; };
		E23FE4DE14ADBE09000B4FE7 /* CalculatorViewController.h */ = {isa = PBXFileReference; lastKnownFileType = sourcecode.c.h; path = CalculatorViewController.h; sourceTree = "<group>"; };
		E23FE4DF14ADBE09000B4FE7 /* CalculatorViewController.m */ = {isa = PBXFileReference; lastKnownFileType = sourcecode.c.objc; path = CalculatorViewController.m; sourceTree = "<group>"; };
		E23FE4EA14ADD133000B4FE7 /* CalculatorBrain.h */ = {isa = PBXFileReference; fileEncoding = 4; lastKnownFileType = sourcecode.c.h; path = CalculatorBrain.h; sourceTree = "<group>"; };
		E23FE4EB14ADD133000B4FE7 /* CalculatorBrain.m */ = {isa = PBXFileReference; fileEncoding = 4; lastKnownFileType = sourcecode.c.objc; path = CalculatorBrain.m; sourceTree = "<group>"; };
		E23FE4EE14AE5F77000B4FE7 /* GreenButton.png */ = {isa = PBXFileReference; lastKnownFileType = image.png; path = GreenButton.png; sourceTree = "<group>"; };
		E23FE4EF14AE5F77000B4FE7 /* RedButton.png */ = {isa = PBXFileReference; lastKnownFileType = image.png; path = RedButton.png; sourceTree = "<group>"; };
/* End PBXFileReference section */

/* Begin PBXFrameworksBuildPhase section */
		E23FE4C214ADBE09000B4FE7 /* Frameworks */ = {
			isa = PBXFrameworksBuildPhase;
			buildActionMask = 2147483647;
			files = (
				E23FE4CA14ADBE09000B4FE7 /* UIKit.framework in Frameworks */,
				E23FE4CC14ADBE09000B4FE7 /* Foundation.framework in Frameworks */,
				E23FE4CE14ADBE09000B4FE7 /* CoreGraphics.framework in Frameworks */,
			);
			runOnlyForDeploymentPostprocessing = 0;
		};
/* End PBXFrameworksBuildPhase section */

/* Begin PBXGroup section */
		E23FE4BA14ADBE09000B4FE7 = {
			isa = PBXGroup;
			children = (
				E23FE4CF14ADBE09000B4FE7 /* Calculator */,
				E23FE4C814ADBE09000B4FE7 /* Frameworks */,
				E23FE4C614ADBE09000B4FE7 /* Products */,
			);
			sourceTree = "<group>";
		};
		E23FE4C614ADBE09000B4FE7 /* Products */ = {
			isa = PBXGroup;
			children = (
				E23FE4C514ADBE09000B4FE7 /* Calculator.app */,
			);
			name = Products;
			sourceTree = "<group>";
		};
		E23FE4C814ADBE09000B4FE7 /* Frameworks */ = {
			isa = PBXGroup;
			children = (
				E23FE4C914ADBE09000B4FE7 /* UIKit.framework */,
				E23FE4CB14ADBE09000B4FE7 /* Foundation.framework */,
				E23FE4CD14ADBE09000B4FE7 /* CoreGraphics.framework */,
			);
			name = Frameworks;
			sourceTree = "<group>";
		};
		E23FE4CF14ADBE09000B4FE7 /* Calculator */ = {
			isa = PBXGroup;
			children = (
				E23FE4EE14AE5F77000B4FE7 /* GreenButton.png */,
				E23FE4EF14AE5F77000B4FE7 /* RedButton.png */,
				E23FE4D814ADBE09000B4FE7 /* CalculatorAppDelegate.h */,
				E23FE4D914ADBE09000B4FE7 /* CalculatorAppDelegate.m */,
				E23FE4DB14ADBE09000B4FE7 /* MainStoryboard.storyboard */,
				E23FE4EA14ADD133000B4FE7 /* CalculatorBrain.h */,
				E23FE4EB14ADD133000B4FE7 /* CalculatorBrain.m */,
				E23FE4DE14ADBE09000B4FE7 /* CalculatorViewController.h */,
				E23FE4DF14ADBE09000B4FE7 /* CalculatorViewController.m */,
				E23FE4D014ADBE09000B4FE7 /* Supporting Files */,
			);
			path = Calculator;
			sourceTree = "<group>";
		};
		E23FE4D014ADBE09000B4FE7 /* Supporting Files */ = {
			isa = PBXGroup;
			children = (
				E23FE4D114ADBE09000B4FE7 /* Calculator-Info.plist */,
				E23FE4D214ADBE09000B4FE7 /* InfoPlist.strings */,
				E23FE4D514ADBE09000B4FE7 /* main.m */,
				E23FE4D714ADBE09000B4FE7 /* Calculator-Prefix.pch */,
			);
			name = "Supporting Files";
			sourceTree = "<group>";
		};
/* End PBXGroup section */

/* Begin PBXNativeTarget section */
		E23FE4C414ADBE09000B4FE7 /* Calculator */ = {
			isa = PBXNativeTarget;
			buildConfigurationList = E23FE4E314ADBE09000B4FE7 /* Build configuration list for PBXNativeTarget "Calculator" */;
			buildPhases = (
				E23FE4C114ADBE09000B4FE7 /* Sources */,
				E23FE4C214ADBE09000B4FE7 /* Frameworks */,
				E23FE4C314ADBE09000B4FE7 /* Resources */,
			);
			buildRules = (
			);
			dependencies = (
			);
			name = Calculator;
			productName = Calculator;
			productReference = E23FE4C514ADBE09000B4FE7 /* Calculator.app */;
			productType = "com.apple.product-type.application";
		};
/* End PBXNativeTarget section */

/* Begin PBXProject section */
		E23FE4BC14ADBE09000B4FE7 /* Project object */ = {
			isa = PBXProject;
			attributes = {
				LastUpgradeCheck = 0430;
				ORGANIZATIONNAME = "Prima Solutions";
			};
			buildConfigurationList = E23FE4BF14ADBE09000B4FE7 /* Build configuration list for PBXProject "Calculator" */;
			compatibilityVersion = "Xcode 3.2";
			developmentRegion = English;
			hasScannedForEncodings = 0;
			knownRegions = (
				en,
			);
			mainGroup = E23FE4BA14ADBE09000B4FE7;
			productRefGroup = E23FE4C614ADBE09000B4FE7 /* Products */;
			projectDirPath = "";
			projectRoot = "";
			targets = (
				E23FE4C414ADBE09000B4FE7 /* Calculator */,
			);
		};
/* End PBXProject section */

/* Begin PBXResourcesBuildPhase section */
		E23FE4C314ADBE09000B4FE7 /* Resources */ = {
			isa = PBXResourcesBuildPhase;
			buildActionMask = 2147483647;
			files = (
				E23FE4D414ADBE09000B4FE7 /* InfoPlist.strings in Resources */,
				E23FE4DD14ADBE09000B4FE7 /* MainStoryboard.storyboard in Resources */,
				E23FE4F014AE5F77000B4FE7 /* GreenButton.png in Resources */,
				E23FE4F114AE5F77000B4FE7 /* RedButton.png in Resources */,
			);
			runOnlyForDeploymentPostprocessing = 0;
		};
/* End PBXResourcesBuildPhase section */

/* Begin PBXSourcesBuildPhase section */
		E23FE4C114ADBE09000B4FE7 /* Sources */ = {
			isa = PBXSourcesBuildPhase;
			buildActionMask = 2147483647;
			files = (
				E23FE4D614ADBE09000B4FE7 /* main.m in Sources */,
				E23FE4DA14ADBE09000B4FE7 /* CalculatorAppDelegate.m in Sources */,
				E23FE4E014ADBE09000B4FE7 /* CalculatorViewController.m in Sources */,
				E23FE4EC14ADD133000B4FE7 /* CalculatorBrain.m in Sources */,
			);
			runOnlyForDeploymentPostprocessing = 0;
		};
/* End PBXSourcesBuildPhase section */

/* Begin PBXVariantGroup section */
		E23FE4D214ADBE09000B4FE7 /* InfoPlist.strings */ = {
			isa = PBXVariantGroup;
			children = (
				E23FE4D314ADBE09000B4FE7 /* en */,
			);
			name = InfoPlist.strings;
			sourceTree = "<group>";
		};
		E23FE4DB14ADBE09000B4FE7 /* MainStoryboard.storyboard */ = {
			isa = PBXVariantGroup;
			children = (
				E23FE4DC14ADBE09000B4FE7 /* en */,
			);
			name = MainStoryboard.storyboard;
			sourceTree = "<group>";
		};
/* End PBXVariantGroup section */

/* Begin XCBuildConfiguration section */
		E23FE4E114ADBE09000B4FE7 /* Debug */ = {
			isa = XCBuildConfiguration;
			buildSettings = {
				ALWAYS_SEARCH_USER_PATHS = NO;
				ARCHS = "$(ARCHS_STANDARD_32_BIT)";
				CLANG_ENABLE_OBJC_ARC = YES;
				"CODE_SIGN_IDENTITY[sdk=iphoneos*]" = "iPhone Developer";
				COPY_PHASE_STRIP = NO;
				GCC_C_LANGUAGE_STANDARD = gnu99;
				GCC_DYNAMIC_NO_PIC = NO;
				GCC_OPTIMIZATION_LEVEL = 0;
				GCC_PREPROCESSOR_DEFINITIONS = (
					"DEBUG=1",
					"$(inherited)",
				);
				GCC_SYMBOLS_PRIVATE_EXTERN = NO;
				GCC_VERSION = com.apple.compilers.llvm.clang.1_0;
				GCC_WARN_ABOUT_MISSING_PROTOTYPES = YES;
				GCC_WARN_ABOUT_RETURN_TYPE = YES;
				GCC_WARN_UNUSED_VARIABLE = YES;
				IPHONEOS_DEPLOYMENT_TARGET = 5.0;
				SDKROOT = iphoneos;
			};
			name = Debug;
		};
		E23FE4E214ADBE09000B4FE7 /* Release */ = {
			isa = XCBuildConfiguration;
			buildSettings = {
				ALWAYS_SEARCH_USER_PATHS = NO;
				ARCHS = "$(ARCHS_STANDARD_32_BIT)";
				CLANG_ENABLE_OBJC_ARC = YES;
				"CODE_SIGN_IDENTITY[sdk=iphoneos*]" = "iPhone Developer";
				COPY_PHASE_STRIP = YES;
				GCC_C_LANGUAGE_STANDARD = gnu99;
				GCC_VERSION = com.apple.compilers.llvm.clang.1_0;
				GCC_WARN_ABOUT_MISSING_PROTOTYPES = YES;
				GCC_WARN_ABOUT_RETURN_TYPE = YES;
				GCC_WARN_UNUSED_VARIABLE = YES;
				IPHONEOS_DEPLOYMENT_TARGET = 5.0;
				OTHER_CFLAGS = "-DNS_BLOCK_ASSERTIONS=1";
				SDKROOT = iphoneos;
				VALIDATE_PRODUCT = YES;
			};
			name = Release;
		};
		E23FE4E414ADBE09000B4FE7 /* Debug */ = {
			isa = XCBuildConfiguration;
			buildSettings = {
				GCC_PRECOMPILE_PREFIX_HEADER = YES;
				GCC_PREFIX_HEADER = "Calculator/Calculator-Prefix.pch";
				INFOPLIST_FILE = "Calculator/Calculator-Info.plist";
				PRODUCT_NAME = "$(TARGET_NAME)";
				WRAPPER_EXTENSION = app;
			};
			name = Debug;
		};
		E23FE4E514ADBE09000B4FE7 /* Release */ = {
			isa = XCBuildConfiguration;
			buildSettings = {
				GCC_PRECOMPILE_PREFIX_HEADER = YES;
				GCC_PREFIX_HEADER = "Calculator/Calculator-Prefix.pch";
				INFOPLIST_FILE = "Calculator/Calculator-Info.plist";
				PRODUCT_NAME = "$(TARGET_NAME)";
				WRAPPER_EXTENSION = app;
			};
			name = Release;
		};
/* End XCBuildConfiguration section */

/* Begin XCConfigurationList section */
		E23FE4BF14ADBE09000B4FE7 /* Build configuration list for PBXProject "Calculator" */ = {
			isa = XCConfigurationList;
			buildConfigurations = (
				E23FE4E114ADBE09000B4FE7 /* Debug */,
				E23FE4E214ADBE09000B4FE7 /* Release */,
			);
			defaultConfigurationIsVisible = 0;
			defaultConfigurationName = Release;
		};
		E23FE4E314ADBE09000B4FE7 /* Build configuration list for PBXNativeTarget "Calculator" */ = {
			isa = XCConfigurationList;
			buildConfigurations = (
				E23FE4E414ADBE09000B4FE7 /* Debug */,
				E23FE4E514ADBE09000B4FE7 /* Release */,
			);
			defaultConfigurationIsVisible = 0;
			defaultConfigurationName = Release;
		};
/* End XCConfigurationList section */
	};
	rootObject = E23FE4BC14ADBE09000B4FE7 /* Project object */;
}
